
Microsoft Visual Studio Solution File, Format Version 12.00
# Visual Studio Version 17
VisualStudioVersion = 17.4.33213.308
MinimumVisualStudioVersion = 10.0.40219.1
Project("{FAE04EC0-301F-11D3-BF4B-00C04F79EFBC}") = "TicTacToe", "TicTacToe\TicTacToe.csproj", "{F8920D1B-3244-4862-A816-BA62EC7D2DB4}"
EndProject
Global
	GlobalSection(SolutionConfigurationPlatforms) = preSolution
		Debug|Any CPU = Debug|Any CPU
		Release|Any CPU = Release|Any CPU
	EndGlobalSection
	GlobalSection(ProjectConfigurationPlatforms) = postSolution
		{F8920D1B-3244-4862-A816-BA62EC7D2DB4}.Debug|Any CPU.ActiveCfg = Debug|Any CPU
		{F8920D1B-3244-4862-A816-BA62EC7D2DB4}.Debug|Any CPU.Build.0 = Debug|Any CPU
		{F8920D1B-3244-4862-A816-BA62EC7D2DB4}.Release|Any CPU.ActiveCfg = Release|Any CPU
		{F8920D1B-3244-4862-A816-BA62EC7D2DB4}.Release|Any CPU.Build.0 = Release|Any CPU
	EndGlobalSection
	GlobalSection(SolutionProperties) = preSolution
		HideSolutionNode = FALSE
	EndGlobalSection
	GlobalSection(ExtensibilityGlobals) = postSolution
		SolutionGuid = {5547923E-2D43-4645-8D71-C97E9FF537F4}
	EndGlobalSection
EndGlobal
